
Microsoft Visual Studio Solution File, Format Version 12.00
# Visual Studio 14
VisualStudioVersion = 14.0.25123.0
MinimumVisualStudioVersion = 10.0.40219.1
Project("{FAE04EC0-301F-11D3-BF4B-00C04F79EFBC}") = "evoke.Droid", "evoke\evoke.Droid\evoke.Droid.csproj", "{DA8E64B2-ADE1-418E-8981-EACBBEF1E970}"
EndProject
Project("{FAE04EC0-301F-11D3-BF4B-00C04F79EFBC}") = "evoke.iOS", "evoke\evoke.iOS\evoke.iOS.csproj", "{B06EB04B-DF75-405E-BB6C-877FBCAE565D}"
EndProject
Project("{FAE04EC0-301F-11D3-BF4B-00C04F79EFBC}") = "evoke.Windows", "evoke\evoke.Windows\evoke.Windows.csproj", "{33BA4F34-3B93-48AC-A00B-6B9B328380EF}"
EndProject
Project("{D954291E-2A0B-460D-934E-DC6B0785DB48}") = "evoke", "evoke\evoke\evoke.shproj", "{6EACEF39-CD29-49C8-934C-8E8DA4197FE6}"
EndProject
Global
	GlobalSection(SharedMSBuildProjectFiles) = preSolution
		evoke\evoke\evoke.projitems*{da8e64b2-ade1-418e-8981-eacbbef1e970}*SharedItemsImports = 4
		evoke\evoke\evoke.projitems*{b06eb04b-df75-405e-bb6c-877fbcae565d}*SharedItemsImports = 4
		evoke\evoke\evoke.projitems*{6eacef39-cd29-49c8-934c-8e8da4197fe6}*SharedItemsImports = 13
		evoke\evoke\evoke.projitems*{33ba4f34-3b93-48ac-a00b-6b9b328380ef}*SharedItemsImports = 4
	EndGlobalSection
	GlobalSection(SolutionConfigurationPlatforms) = preSolution
		Ad-Hoc|Any CPU = Ad-Hoc|Any CPU
		Ad-Hoc|ARM = Ad-Hoc|ARM
		Ad-Hoc|iPhone = Ad-Hoc|iPhone
		Ad-Hoc|iPhoneSimulator = Ad-Hoc|iPhoneSimulator
		Ad-Hoc|x64 = Ad-Hoc|x64
		Ad-Hoc|x86 = Ad-Hoc|x86
		AppStore|Any CPU = AppStore|Any CPU
		AppStore|ARM = AppStore|ARM
		AppStore|iPhone = AppStore|iPhone
		AppStore|iPhoneSimulator = AppStore|iPhoneSimulator
		AppStore|x64 = AppStore|x64
		AppStore|x86 = AppStore|x86
		Debug|Any CPU = Debug|Any CPU
		Debug|ARM = Debug|ARM
		Debug|iPhone = Debug|iPhone
		Debug|iPhoneSimulator = Debug|iPhoneSimulator
		Debug|x64 = Debug|x64
		Debug|x86 = Debug|x86
		Release|Any CPU = Release|Any CPU
		Release|ARM = Release|ARM
		Release|iPhone = Release|iPhone
		Release|iPhoneSimulator = Release|iPhoneSimulator
		Release|x64 = Release|x64
		Release|x86 = Release|x86
	EndGlobalSection
	GlobalSection(ProjectConfigurationPlatforms) = postSolution
		{DA8E64B2-ADE1-418E-8981-EACBBEF1E970}.Ad-Hoc|Any CPU.ActiveCfg = Release|Any CPU
		{DA8E64B2-ADE1-418E-8981-EACBBEF1E970}.Ad-Hoc|Any CPU.Build.0 = Release|Any CPU
		{DA8E64B2-ADE1-418E-8981-EACBBEF1E970}.Ad-Hoc|Any CPU.Deploy.0 = Release|Any CPU
		{DA8E64B2-ADE1-418E-8981-EACBBEF1E970}.Ad-Hoc|ARM.ActiveCfg = Release|Any CPU
		{DA8E64B2-ADE1-418E-8981-EACBBEF1E970}.Ad-Hoc|ARM.Build.0 = Release|Any CPU
		{DA8E64B2-ADE1-418E-8981-EACBBEF1E970}.Ad-Hoc|ARM.Deploy.0 = Release|Any CPU
		{DA8E64B2-ADE1-418E-8981-EACBBEF1E970}.Ad-Hoc|iPhone.ActiveCfg = Release|Any CPU
		{DA8E64B2-ADE1-418E-8981-EACBBEF1E970}.Ad-Hoc|iPhone.Build.0 = Release|Any CPU
		{DA8E64B2-ADE1-418E-8981-EACBBEF1E970}.Ad-Hoc|iPhone.Deploy.0 = Release|Any CPU
		{DA8E64B2-ADE1-418E-8981-EACBBEF1E970}.Ad-Hoc|iPhoneSimulator.ActiveCfg = Release|Any CPU
		{DA8E64B2-ADE1-418E-8981-EACBBEF1E970}.Ad-Hoc|iPhoneSimulator.Build.0 = Release|Any CPU
		{DA8E64B2-ADE1-418E-8981-EACBBEF1E970}.Ad-Hoc|iPhoneSimulator.Deploy.0 = Release|Any CPU
		{DA8E64B2-ADE1-418E-8981-EACBBEF1E970}.Ad-Hoc|x64.ActiveCfg = Release|Any CPU
		{DA8E64B2-ADE1-418E-8981-EACBBEF1E970}.Ad-Hoc|x64.Build.0 = Release|Any CPU
		{DA8E64B2-ADE1-418E-8981-EACBBEF1E970}.Ad-Hoc|x64.Deploy.0 = Release|Any CPU
		{DA8E64B2-ADE1-418E-8981-EACBBEF1E970}.Ad-Hoc|x86.ActiveCfg = Release|Any CPU
		{DA8E64B2-ADE1-418E-8981-EACBBEF1E970}.Ad-Hoc|x86.Build.0 = Release|Any CPU
		{DA8E64B2-ADE1-418E-8981-EACBBEF1E970}.Ad-Hoc|x86.Deploy.0 = Release|Any CPU
		{DA8E64B2-ADE1-418E-8981-EACBBEF1E970}.AppStore|Any CPU.ActiveCfg = Release|Any CPU
		{DA8E64B2-ADE1-418E-8981-EACBBEF1E970}.AppStore|Any CPU.Build.0 = Release|Any CPU
		{DA8E64B2-ADE1-418E-8981-EACBBEF1E970}.AppStore|Any CPU.Deploy.0 = Release|Any CPU
		{DA8E64B2-ADE1-418E-8981-EACBBEF1E970}.AppStore|ARM.ActiveCfg = Release|Any CPU
		{DA8E64B2-ADE1-418E-8981-EACBBEF1E970}.AppStore|ARM.Build.0 = Release|Any CPU
		{DA8E64B2-ADE1-418E-8981-EACBBEF1E970}.AppStore|ARM.Deploy.0 = Release|Any CPU
		{DA8E64B2-ADE1-418E-8981-EACBBEF1E970}.AppStore|iPhone.ActiveCfg = Release|Any CPU
		{DA8E64B2-ADE1-418E-8981-EACBBEF1E970}.AppStore|iPhone.Build.0 = Release|Any CPU
		{DA8E64B2-ADE1-418E-8981-EACBBEF1E970}.AppStore|iPhone.Deploy.0 = Release|Any CPU
		{DA8E64B2-ADE1-418E-8981-EACBBEF1E970}.AppStore|iPhoneSimulator.ActiveCfg = Release|Any CPU
		{DA8E64B2-ADE1-418E-8981-EACBBEF1E970}.AppStore|iPhoneSimulator.Build.0 = Release|Any CPU
		{DA8E64B2-ADE1-418E-8981-EACBBEF1E970}.AppStore|iPhoneSimulator.Deploy.0 = Release|Any CPU
		{DA8E64B2-ADE1-418E-8981-EACBBEF1E970}.AppStore|x64.ActiveCfg = Release|Any CPU
		{DA8E64B2-ADE1-418E-8981-EACBBEF1E970}.AppStore|x64.Build.0 = Release|Any CPU
		{DA8E64B2-ADE1-418E-8981-EACBBEF1E970}.AppStore|x64.Deploy.0 = Release|Any CPU
		{DA8E64B2-ADE1-418E-8981-EACBBEF1E970}.AppStore|x86.ActiveCfg = Release|Any CPU
		{DA8E64B2-ADE1-418E-8981-EACBBEF1E970}.AppStore|x86.Build.0 = Release|Any CPU
		{DA8E64B2-ADE1-418E-8981-EACBBEF1E970}.AppStore|x86.Deploy.0 = Release|Any CPU
		{DA8E64B2-ADE1-418E-8981-EACBBEF1E970}.Debug|Any CPU.ActiveCfg = Debug|Any CPU
		{DA8E64B2-ADE1-418E-8981-EACBBEF1E970}.Debug|Any CPU.Build.0 = Debug|Any CPU
		{DA8E64B2-ADE1-418E-8981-EACBBEF1E970}.Debug|Any CPU.Deploy.0 = Debug|Any CPU
		{DA8E64B2-ADE1-418E-8981-EACBBEF1E970}.Debug|ARM.ActiveCfg = Debug|Any CPU
		{DA8E64B2-ADE1-418E-8981-EACBBEF1E970}.Debug|ARM.Build.0 = Debug|Any CPU
		{DA8E64B2-ADE1-418E-8981-EACBBEF1E970}.Debug|ARM.Deploy.0 = Debug|Any CPU
		{DA8E64B2-ADE1-418E-8981-EACBBEF1E970}.Debug|iPhone.ActiveCfg = Debug|Any CPU
		{DA8E64B2-ADE1-418E-8981-EACBBEF1E970}.Debug|iPhone.Build.0 = Debug|Any CPU
		{DA8E64B2-ADE1-418E-8981-EACBBEF1E970}.Debug|iPhone.Deploy.0 = Debug|Any CPU
		{DA8E64B2-ADE1-418E-8981-EACBBEF1E970}.Debug|iPhoneSimulator.ActiveCfg = Debug|Any CPU
		{DA8E64B2-ADE1-418E-8981-EACBBEF1E970}.Debug|iPhoneSimulator.Build.0 = Debug|Any CPU
		{DA8E64B2-ADE1-418E-8981-EACBBEF1E970}.Debug|iPhoneSimulator.Deploy.0 = Debug|Any CPU
		{DA8E64B2-ADE1-418E-8981-EACBBEF1E970}.Debug|x64.ActiveCfg = Debug|Any CPU
		{DA8E64B2-ADE1-418E-8981-EACBBEF1E970}.Debug|x64.Build.0 = Debug|Any CPU
		{DA8E64B2-ADE1-418E-8981-EACBBEF1E970}.Debug|x64.Deploy.0 = Debug|Any CPU
		{DA8E64B2-ADE1-418E-8981-EACBBEF1E970}.Debug|x86.ActiveCfg = Debug|Any CPU
		{DA8E64B2-ADE1-418E-8981-EACBBEF1E970}.Debug|x86.Build.0 = Debug|Any CPU
		{DA8E64B2-ADE1-418E-8981-EACBBEF1E970}.Debug|x86.Deploy.0 = Debug|Any CPU
		{DA8E64B2-ADE1-418E-8981-EACBBEF1E970}.Release|Any CPU.ActiveCfg = Release|Any CPU
		{DA8E64B2-ADE1-418E-8981-EACBBEF1E970}.Release|Any CPU.Build.0 = Release|Any CPU
		{DA8E64B2-ADE1-418E-8981-EACBBEF1E970}.Release|Any CPU.Deploy.0 = Release|Any CPU
		{DA8E64B2-ADE1-418E-8981-EACBBEF1E970}.Release|ARM.ActiveCfg = Release|Any CPU
		{DA8E64B2-ADE1-418E-8981-EACBBEF1E970}.Release|ARM.Build.0 = Release|Any CPU
		{DA8E64B2-ADE1-418E-8981-EACBBEF1E970}.Release|ARM.Deploy.0 = Release|Any CPU
		{DA8E64B2-ADE1-418E-8981-EACBBEF1E970}.Release|iPhone.ActiveCfg = Release|Any CPU
		{DA8E64B2-ADE1-418E-8981-EACBBEF1E970}.Release|iPhone.Build.0 = Release|Any CPU
		{DA8E64B2-ADE1-418E-8981-EACBBEF1E970}.Release|iPhone.Deploy.0 = Release|Any CPU
		{DA8E64B2-ADE1-418E-8981-EACBBEF1E970}.Release|iPhoneSimulator.ActiveCfg = Release|Any CPU
		{DA8E64B2-ADE1-418E-8981-EACBBEF1E970}.Release|iPhoneSimulator.Build.0 = Release|Any CPU
		{DA8E64B2-ADE1-418E-8981-EACBBEF1E970}.Release|iPhoneSimulator.Deploy.0 = Release|Any CPU
		{DA8E64B2-ADE1-418E-8981-EACBBEF1E970}.Release|x64.ActiveCfg = Release|Any CPU
		{DA8E64B2-ADE1-418E-8981-EACBBEF1E970}.Release|x64.Build.0 = Release|Any CPU
		{DA8E64B2-ADE1-418E-8981-EACBBEF1E970}.Release|x64.Deploy.0 = Release|Any CPU
		{DA8E64B2-ADE1-418E-8981-EACBBEF1E970}.Release|x86.ActiveCfg = Release|Any CPU
		{DA8E64B2-ADE1-418E-8981-EACBBEF1E970}.Release|x86.Build.0 = Release|Any CPU
		{DA8E64B2-ADE1-418E-8981-EACBBEF1E970}.Release|x86.Deploy.0 = Release|Any CPU
		{B06EB04B-DF75-405E-BB6C-877FBCAE565D}.Ad-Hoc|Any CPU.ActiveCfg = Ad-Hoc|iPhone
		{B06EB04B-DF75-405E-BB6C-877FBCAE565D}.Ad-Hoc|ARM.ActiveCfg = Ad-Hoc|iPhone
		{B06EB04B-DF75-405E-BB6C-877FBCAE565D}.Ad-Hoc|iPhone.ActiveCfg = Ad-Hoc|iPhone
		{B06EB04B-DF75-405E-BB6C-877FBCAE565D}.Ad-Hoc|iPhone.Build.0 = Ad-Hoc|iPhone
		{B06EB04B-DF75-405E-BB6C-877FBCAE565D}.Ad-Hoc|iPhoneSimulator.ActiveCfg = Ad-Hoc|iPhoneSimulator
		{B06EB04B-DF75-405E-BB6C-877FBCAE565D}.Ad-Hoc|iPhoneSimulator.Build.0 = Ad-Hoc|iPhoneSimulator
		{B06EB04B-DF75-405E-BB6C-877FBCAE565D}.Ad-Hoc|x64.ActiveCfg = Ad-Hoc|iPhone
		{B06EB04B-DF75-405E-BB6C-877FBCAE565D}.Ad-Hoc|x86.ActiveCfg = Ad-Hoc|iPhone
		{B06EB04B-DF75-405E-BB6C-877FBCAE565D}.AppStore|Any CPU.ActiveCfg = AppStore|iPhone
		{B06EB04B-DF75-405E-BB6C-877FBCAE565D}.AppStore|ARM.ActiveCfg = AppStore|iPhone
		{B06EB04B-DF75-405E-BB6C-877FBCAE565D}.AppStore|iPhone.ActiveCfg = AppStore|iPhone
		{B06EB04B-DF75-405E-BB6C-877FBCAE565D}.AppStore|iPhone.Build.0 = AppStore|iPhone
		{B06EB04B-DF75-405E-BB6C-877FBCAE565D}.AppStore|iPhoneSimulator.ActiveCfg = AppStore|iPhoneSimulator
		{B06EB04B-DF75-405E-BB6C-877FBCAE565D}.AppStore|iPhoneSimulator.Build.0 = AppStore|iPhoneSimulator
		{B06EB04B-DF75-405E-BB6C-877FBCAE565D}.AppStore|x64.ActiveCfg = AppStore|iPhone
		{B06EB04B-DF75-405E-BB6C-877FBCAE565D}.AppStore|x86.ActiveCfg = AppStore|iPhone
		{B06EB04B-DF75-405E-BB6C-877FBCAE565D}.Debug|Any CPU.ActiveCfg = Debug|iPhone
		{B06EB04B-DF75-405E-BB6C-877FBCAE565D}.Debug|ARM.ActiveCfg = Debug|iPhone
		{B06EB04B-DF75-405E-BB6C-877FBCAE565D}.Debug|iPhone.ActiveCfg = Debug|iPhone
		{B06EB04B-DF75-405E-BB6C-877FBCAE565D}.Debug|iPhone.Build.0 = Debug|iPhone
		{B06EB04B-DF75-405E-BB6C-877FBCAE565D}.Debug|iPhoneSimulator.ActiveCfg = Debug|iPhoneSimulator
		{B06EB04B-DF75-405E-BB6C-877FBCAE565D}.Debug|iPhoneSimulator.Build.0 = Debug|iPhoneSimulator
		{B06EB04B-DF75-405E-BB6C-877FBCAE565D}.Debug|x64.ActiveCfg = Debug|iPhone
		{B06EB04B-DF75-405E-BB6C-877FBCAE565D}.Debug|x86.ActiveCfg = Debug|iPhone
		{B06EB04B-DF75-405E-BB6C-877FBCAE565D}.Release|Any CPU.ActiveCfg = Release|iPhone
		{B06EB04B-DF75-405E-BB6C-877FBCAE565D}.Release|ARM.ActiveCfg = Release|iPhone
		{B06EB04B-DF75-405E-BB6C-877FBCAE565D}.Release|iPhone.ActiveCfg = Release|iPhone
		{B06EB04B-DF75-405E-BB6C-877FBCAE565D}.Release|iPhone.Build.0 = Release|iPhone
		{B06EB04B-DF75-405E-BB6C-877FBCAE565D}.Release|iPhoneSimulator.ActiveCfg = Release|iPhoneSimulator
		{B06EB04B-DF75-405E-BB6C-877FBCAE565D}.Release|iPhoneSimulator.Build.0 = Release|iPhoneSimulator
		{B06EB04B-DF75-405E-BB6C-877FBCAE565D}.Release|x64.ActiveCfg = Release|iPhone
		{B06EB04B-DF75-405E-BB6C-877FBCAE565D}.Release|x86.ActiveCfg = Release|iPhone
		{33BA4F34-3B93-48AC-A00B-6B9B328380EF}.Ad-Hoc|Any CPU.ActiveCfg = Release|Any CPU
		{33BA4F34-3B93-48AC-A00B-6B9B328380EF}.Ad-Hoc|Any CPU.Build.0 = Release|Any CPU
		{33BA4F34-3B93-48AC-A00B-6B9B328380EF}.Ad-Hoc|Any CPU.Deploy.0 = Release|Any CPU
		{33BA4F34-3B93-48AC-A00B-6B9B328380EF}.Ad-Hoc|ARM.ActiveCfg = Release|ARM
		{33BA4F34-3B93-48AC-A00B-6B9B328380EF}.Ad-Hoc|ARM.Build.0 = Release|ARM
		{33BA4F34-3B93-48AC-A00B-6B9B328380EF}.Ad-Hoc|ARM.Deploy.0 = Release|ARM
		{33BA4F34-3B93-48AC-A00B-6B9B328380EF}.Ad-Hoc|iPhone.ActiveCfg = Release|Any CPU
		{33BA4F34-3B93-48AC-A00B-6B9B328380EF}.Ad-Hoc|iPhone.Build.0 = Release|Any CPU
		{33BA4F34-3B93-48AC-A00B-6B9B328380EF}.Ad-Hoc|iPhone.Deploy.0 = Release|Any CPU
		{33BA4F34-3B93-48AC-A00B-6B9B328380EF}.Ad-Hoc|iPhoneSimulator.ActiveCfg = Release|Any CPU
		{33BA4F34-3B93-48AC-A00B-6B9B328380EF}.Ad-Hoc|iPhoneSimulator.Build.0 = Release|Any CPU
		{33BA4F34-3B93-48AC-A00B-6B9B328380EF}.Ad-Hoc|iPhoneSimulator.Deploy.0 = Release|Any CPU
		{33BA4F34-3B93-48AC-A00B-6B9B328380EF}.Ad-Hoc|x64.ActiveCfg = Release|x64
		{33BA4F34-3B93-48AC-A00B-6B9B328380EF}.Ad-Hoc|x64.Build.0 = Release|x64
		{33BA4F34-3B93-48AC-A00B-6B9B328380EF}.Ad-Hoc|x64.Deploy.0 = Release|x64
		{33BA4F34-3B93-48AC-A00B-6B9B328380EF}.Ad-Hoc|x86.ActiveCfg = Release|x86
		{33BA4F34-3B93-48AC-A00B-6B9B328380EF}.Ad-Hoc|x86.Build.0 = Release|x86
		{33BA4F34-3B93-48AC-A00B-6B9B328380EF}.Ad-Hoc|x86.Deploy.0 = Release|x86
		{33BA4F34-3B93-48AC-A00B-6B9B328380EF}.AppStore|Any CPU.ActiveCfg = Release|Any CPU
		{33BA4F34-3B93-48AC-A00B-6B9B328380EF}.AppStore|Any CPU.Build.0 = Release|Any CPU
		{33BA4F34-3B93-48AC-A00B-6B9B328380EF}.AppStore|Any CPU.Deploy.0 = Release|Any CPU
		{33BA4F34-3B93-48AC-A00B-6B9B328380EF}.AppStore|ARM.ActiveCfg = Release|ARM
		{33BA4F34-3B93-48AC-A00B-6B9B328380EF}.AppStore|ARM.Build.0 = Release|ARM
		{33BA4F34-3B93-48AC-A00B-6B9B328380EF}.AppStore|ARM.Deploy.0 = Release|ARM
		{33BA4F34-3B93-48AC-A00B-6B9B328380EF}.AppStore|iPhone.ActiveCfg = Release|Any CPU
		{33BA4F34-3B93-48AC-A00B-6B9B328380EF}.AppStore|iPhone.Build.0 = Release|Any CPU
		{33BA4F34-3B93-48AC-A00B-6B9B328380EF}.AppStore|iPhone.Deploy.0 = Release|Any CPU
		{33BA4F34-3B93-48AC-A00B-6B9B328380EF}.AppStore|iPhoneSimulator.ActiveCfg = Release|Any CPU
		{33BA4F34-3B93-48AC-A00B-6B9B328380EF}.AppStore|iPhoneSimulator.Build.0 = Release|Any CPU
		{33BA4F34-3B93-48AC-A00B-6B9B328380EF}.AppStore|iPhoneSimulator.Deploy.0 = Release|Any CPU
		{33BA4F34-3B93-48AC-A00B-6B9B328380EF}.AppStore|x64.ActiveCfg = Release|x64
		{33BA4F34-3B93-48AC-A00B-6B9B328380EF}.AppStore|x64.Build.0 = Release|x64
		{33BA4F34-3B93-48AC-A00B-6B9B328380EF}.AppStore|x64.Deploy.0 = Release|x64
		{33BA4F34-3B93-48AC-A00B-6B9B328380EF}.AppStore|x86.ActiveCfg = Release|x86
		{33BA4F34-3B93-48AC-A00B-6B9B328380EF}.AppStore|x86.Build.0 = Release|x86
		{33BA4F34-3B93-48AC-A00B-6B9B328380EF}.AppStore|x86.Deploy.0 = Release|x86
		{33BA4F34-3B93-48AC-A00B-6B9B328380EF}.Debug|Any CPU.ActiveCfg = Debug|Any CPU
		{33BA4F34-3B93-48AC-A00B-6B9B328380EF}.Debug|Any CPU.Build.0 = Debug|Any CPU
		{33BA4F34-3B93-48AC-A00B-6B9B328380EF}.Debug|Any CPU.Deploy.0 = Debug|Any CPU
		{33BA4F34-3B93-48AC-A00B-6B9B328380EF}.Debug|ARM.ActiveCfg = Debug|ARM
		{33BA4F34-3B93-48AC-A00B-6B9B328380EF}.Debug|ARM.Build.0 = Debug|ARM
		{33BA4F34-3B93-48AC-A00B-6B9B328380EF}.Debug|ARM.Deploy.0 = Debug|ARM
		{33BA4F34-3B93-48AC-A00B-6B9B328380EF}.Debug|iPhone.ActiveCfg = Debug|Any CPU
		{33BA4F34-3B93-48AC-A00B-6B9B328380EF}.Debug|iPhone.Build.0 = Debug|Any CPU
		{33BA4F34-3B93-48AC-A00B-6B9B328380EF}.Debug|iPhone.Deploy.0 = Debug|Any CPU
		{33BA4F34-3B93-48AC-A00B-6B9B328380EF}.Debug|iPhoneSimulator.ActiveCfg = Debug|Any CPU
		{33BA4F34-3B93-48AC-A00B-6B9B328380EF}.Debug|iPhoneSimulator.Build.0 = Debug|Any CPU
		{33BA4F34-3B93-48AC-A00B-6B9B328380EF}.Debug|iPhoneSimulator.Deploy.0 = Debug|Any CPU
		{33BA4F34-3B93-48AC-A00B-6B9B328380EF}.Debug|x64.ActiveCfg = Debug|x64
		{33BA4F34-3B93-48AC-A00B-6B9B328380EF}.Debug|x64.Build.0 = Debug|x64
		{33BA4F34-3B93-48AC-A00B-6B9B328380EF}.Debug|x64.Deploy.0 = Debug|x64
		{33BA4F34-3B93-48AC-A00B-6B9B328380EF}.Debug|x86.ActiveCfg = Debug|x86
		{33BA4F34-3B93-48AC-A00B-6B9B328380EF}.Debug|x86.Build.0 = Debug|x86
		{33BA4F34-3B93-48AC-A00B-6B9B328380EF}.Debug|x86.Deploy.0 = Debug|x86
		{33BA4F34-3B93-48AC-A00B-6B9B328380EF}.Release|Any CPU.ActiveCfg = Release|Any CPU
		{33BA4F34-3B93-48AC-A00B-6B9B328380EF}.Release|Any CPU.Build.0 = Release|Any CPU
		{33BA4F34-3B93-48AC-A00B-6B9B328380EF}.Release|Any CPU.Deploy.0 = Release|Any CPU
		{33BA4F34-3B93-48AC-A00B-6B9B328380EF}.Release|ARM.ActiveCfg = Release|ARM
		{33BA4F34-3B93-48AC-A00B-6B9B328380EF}.Release|ARM.Build.0 = Release|ARM
		{33BA4F34-3B93-48AC-A00B-6B9B328380EF}.Release|ARM.Deploy.0 = Release|ARM
		{33BA4F34-3B93-48AC-A00B-6B9B328380EF}.Release|iPhone.ActiveCfg = Release|Any CPU
		{33BA4F34-3B93-48AC-A00B-6B9B328380EF}.Release|iPhone.Build.0 = Release|Any CPU
		{33BA4F34-3B93-48AC-A00B-6B9B328380EF}.Release|iPhone.Deploy.0 = Release|Any CPU
		{33BA4F34-3B93-48AC-A00B-6B9B328380EF}.Release|iPhoneSimulator.ActiveCfg = Release|Any CPU
		{33BA4F34-3B93-48AC-A00B-6B9B328380EF}.Release|iPhoneSimulator.Build.0 = Release|Any CPU
		{33BA4F34-3B93-48AC-A00B-6B9B328380EF}.Release|iPhoneSimulator.Deploy.0 = Release|Any CPU
		{33BA4F34-3B93-48AC-A00B-6B9B328380EF}.Release|x64.ActiveCfg = Release|x64
		{33BA4F34-3B93-48AC-A00B-6B9B328380EF}.Release|x64.Build.0 = Release|x64
		{33BA4F34-3B93-48AC-A00B-6B9B328380EF}.Release|x64.Deploy.0 = Release|x64
		{33BA4F34-3B93-48AC-A00B-6B9B328380EF}.Release|x86.ActiveCfg = Release|x86
		{33BA4F34-3B93-48AC-A00B-6B9B328380EF}.Release|x86.Build.0 = Release|x86
		{33BA4F34-3B93-48AC-A00B-6B9B328380EF}.Release|x86.Deploy.0 = Release|x86
	EndGlobalSection
	GlobalSection(SolutionProperties) = preSolution
		HideSolutionNode = FALSE
	EndGlobalSection
EndGlobal
